
Microsoft Visual Studio Solution File, Format Version 12.00
# Visual Studio 15
VisualStudioVersion = 15.0.28010.2036
MinimumVisualStudioVersion = 10.0.40219.1
Project("{FAE04EC0-301F-11D3-BF4B-00C04F79EFBC}") = "TaxCalculator", "TaxCalculator\TaxCalculator.csproj", "{BF3C8BC1-B51C-4CAC-951C-4F2F116C8604}"
EndProject
Project("{FAE04EC0-301F-11D3-BF4B-00C04F79EFBC}") = "Service", "Service\Service.csproj", "{3AC16CF5-B7C2-44D3-936C-DEB42B947FFD}"
EndProject
Project("{FAE04EC0-301F-11D3-BF4B-00C04F79EFBC}") = "MyTest", "MyTest\MyTest.csproj", "{A70E2245-A201-4180-9C60-1E49E8F38089}"
EndProject
Global
	GlobalSection(SolutionConfigurationPlatforms) = preSolution
		Debug|Any CPU = Debug|Any CPU
		Release|Any CPU = Release|Any CPU
	EndGlobalSection
	GlobalSection(ProjectConfigurationPlatforms) = postSolution
		{BF3C8BC1-B51C-4CAC-951C-4F2F116C8604}.Debug|Any CPU.ActiveCfg = Debug|Any CPU
		{BF3C8BC1-B51C-4CAC-951C-4F2F116C8604}.Debug|Any CPU.Build.0 = Debug|Any CPU
		{BF3C8BC1-B51C-4CAC-951C-4F2F116C8604}.Release|Any CPU.ActiveCfg = Release|Any CPU
		{BF3C8BC1-B51C-4CAC-951C-4F2F116C8604}.Release|Any CPU.Build.0 = Release|Any CPU
		{3AC16CF5-B7C2-44D3-936C-DEB42B947FFD}.Debug|Any CPU.ActiveCfg = Debug|Any CPU
		{3AC16CF5-B7C2-44D3-936C-DEB42B947FFD}.Debug|Any CPU.Build.0 = Debug|Any CPU
		{3AC16CF5-B7C2-44D3-936C-DEB42B947FFD}.Release|Any CPU.ActiveCfg = Release|Any CPU
		{3AC16CF5-B7C2-44D3-936C-DEB42B947FFD}.Release|Any CPU.Build.0 = Release|Any CPU
		{A70E2245-A201-4180-9C60-1E49E8F38089}.Debug|Any CPU.ActiveCfg = Debug|Any CPU
		{A70E2245-A201-4180-9C60-1E49E8F38089}.Debug|Any CPU.Build.0 = Debug|Any CPU
		{A70E2245-A201-4180-9C60-1E49E8F38089}.Release|Any CPU.ActiveCfg = Release|Any CPU
		{A70E2245-A201-4180-9C60-1E49E8F38089}.Release|Any CPU.Build.0 = Release|Any CPU
	EndGlobalSection
	GlobalSection(SolutionProperties) = preSolution
		HideSolutionNode = FALSE
	EndGlobalSection
	GlobalSection(ExtensibilityGlobals) = postSolution
		SolutionGuid = {60F0948B-0641-4B80-83C2-22E946BAC5FC}
	EndGlobalSection
EndGlobal
